
Microsoft Visual Studio Solution File, Format Version 12.00
# Visual Studio Version 17
VisualStudioVersion = 17.10.34928.147
MinimumVisualStudioVersion = 10.0.40219.1
Project("{FAE04EC0-301F-11D3-BF4B-00C04F79EFBC}") = "BackupSejf", "BackupSejf\BackupSejf.csproj", "{F6235C07-9815-4D35-8B87-EC45C9D01203}"
EndProject
Global
	GlobalSection(SolutionConfigurationPlatforms) = preSolution
		Debug|Any CPU = Debug|Any CPU
		Release|Any CPU = Release|Any CPU
	EndGlobalSection
	GlobalSection(ProjectConfigurationPlatforms) = postSolution
		{F6235C07-9815-4D35-8B87-EC45C9D01203}.Debug|Any CPU.ActiveCfg = Debug|Any CPU
		{F6235C07-9815-4D35-8B87-EC45C9D01203}.Debug|Any CPU.Build.0 = Debug|Any CPU
		{F6235C07-9815-4D35-8B87-EC45C9D01203}.Release|Any CPU.ActiveCfg = Release|Any CPU
		{F6235C07-9815-4D35-8B87-EC45C9D01203}.Release|Any CPU.Build.0 = Release|Any CPU
	EndGlobalSection
	GlobalSection(SolutionProperties) = preSolution
		HideSolutionNode = FALSE
	EndGlobalSection
	GlobalSection(ExtensibilityGlobals) = postSolution
		SolutionGuid = {25BD09AA-FBA3-4C2C-8C51-535F24C4DACC}
	EndGlobalSection
EndGlobal
